// !$*UTF8*$!
{
	archiveVersion = 1;
	classes = {
	};
	objectVersion = 50;
	objects = {

/* Begin PBXBuildFile section */
		CF89676726B462F6007FB4F7 /* AppDelegate.swift in Sources */ = {isa = PBXBuildFile; fileRef = CF89676626B462F6007FB4F7 /* AppDelegate.swift */; };
		CF89676926B462F6007FB4F7 /* SceneDelegate.swift in Sources */ = {isa = PBXBuildFile; fileRef = CF89676826B462F6007FB4F7 /* SceneDelegate.swift */; };
		CF89676B26B462F6007FB4F7 /* ViewController.swift in Sources */ = {isa = PBXBuildFile; fileRef = CF89676A26B462F6007FB4F7 /* ViewController.swift */; };
		CF89676E26B462F6007FB4F7 /* Main.storyboard in Resources */ = {isa = PBXBuildFile; fileRef = CF89676C26B462F6007FB4F7 /* Main.storyboard */; };
		CF89677126B462F6007FB4F7 /* BNA.xcdatamodeld in Sources */ = {isa = PBXBuildFile; fileRef = CF89676F26B462F6007FB4F7 /* BNA.xcdatamodeld */; };
		CF89677326B462F9007FB4F7 /* Assets.xcassets in Resources */ = {isa = PBXBuildFile; fileRef = CF89677226B462F9007FB4F7 /* Assets.xcassets */; };
		CF89677626B462F9007FB4F7 /* LaunchScreen.storyboard in Resources */ = {isa = PBXBuildFile; fileRef = CF89677426B462F9007FB4F7 /* LaunchScreen.storyboard */; };
/* End PBXBuildFile section */

/* Begin PBXFileReference section */
		CF89676326B462F6007FB4F7 /* BNA.app */ = {isa = PBXFileReference; explicitFileType = wrapper.application; includeInIndex = 0; path = BNA.app; sourceTree = BUILT_PRODUCTS_DIR; };
		CF89676626B462F6007FB4F7 /* AppDelegate.swift */ = {isa = PBXFileReference; lastKnownFileType = sourcecode.swift; path = AppDelegate.swift; sourceTree = "<group>"; };
		CF89676826B462F6007FB4F7 /* SceneDelegate.swift */ = {isa = PBXFileReference; lastKnownFileType = sourcecode.swift; path = SceneDelegate.swift; sourceTree = "<group>"; };
		CF89676A26B462F6007FB4F7 /* ViewController.swift */ = {isa = PBXFileReference; lastKnownFileType = sourcecode.swift; path = ViewController.swift; sourceTree = "<group>"; };
		CF89676D26B462F6007FB4F7 /* Base */ = {isa = PBXFileReference; lastKnownFileType = file.storyboard; name = Base; path = Base.lproj/Main.storyboard; sourceTree = "<group>"; };
		CF89677026B462F6007FB4F7 /* BNA.xcdatamodel */ = {isa = PBXFileReference; lastKnownFileType = wrapper.xcdatamodel; path = BNA.xcdatamodel; sourceTree = "<group>"; };
		CF89677226B462F9007FB4F7 /* Assets.xcassets */ = {isa = PBXFileReference; lastKnownFileType = folder.assetcatalog; path = Assets.xcassets; sourceTree = "<group>"; };
		CF89677526B462F9007FB4F7 /* Base */ = {isa = PBXFileReference; lastKnownFileType = file.storyboard; name = Base; path = Base.lproj/LaunchScreen.storyboard; sourceTree = "<group>"; };
		CF89677726B462F9007FB4F7 /* Info.plist */ = {isa = PBXFileReference; lastKnownFileType = text.plist.xml; path = Info.plist; sourceTree = "<group>"; };
/* End PBXFileReference section */

/* Begin PBXFrameworksBuildPhase section */
		CF89676026B462F6007FB4F7 /* Frameworks */ = {
			isa = PBXFrameworksBuildPhase;
			buildActionMask = 2147483647;
			files = (
			);
			runOnlyForDeploymentPostprocessing = 0;
		};
/* End PBXFrameworksBuildPhase section */

/* Begin PBXGroup section */
		CF89675A26B462F6007FB4F7 = {
			isa = PBXGroup;
			children = (
				CF89676526B462F6007FB4F7 /* BNA */,
				CF89676426B462F6007FB4F7 /* Products */,
			);
			sourceTree = "<group>";
		};
		CF89676426B462F6007FB4F7 /* Products */ = {
			isa = PBXGroup;
			children = (
				CF89676326B462F6007FB4F7 /* BNA.app */,
			);
			name = Products;
			sourceTree = "<group>";
		};
		CF89676526B462F6007FB4F7 /* BNA */ = {
			isa = PBXGroup;
			children = (
				CF89676626B462F6007FB4F7 /* AppDelegate.swift */,
				CF89676826B462F6007FB4F7 /* SceneDelegate.swift */,
				CF89676A26B462F6007FB4F7 /* ViewController.swift */,
				CF89676C26B462F6007FB4F7 /* Main.storyboard */,
				CF89677226B462F9007FB4F7 /* Assets.xcassets */,
				CF89677426B462F9007FB4F7 /* LaunchScreen.storyboard */,
				CF89677726B462F9007FB4F7 /* Info.plist */,
				CF89676F26B462F6007FB4F7 /* BNA.xcdatamodeld */,
			);
			path = BNA;
			sourceTree = "<group>";
		};
/* End PBXGroup section */

/* Begin PBXNativeTarget section */
		CF89676226B462F6007FB4F7 /* BNA */ = {
			isa = PBXNativeTarget;
			buildConfigurationList = CF89677A26B462F9007FB4F7 /* Build configuration list for PBXNativeTarget "BNA" */;
			buildPhases = (
				CF89675F26B462F6007FB4F7 /* Sources */,
				CF89676026B462F6007FB4F7 /* Frameworks */,
				CF89676126B462F6007FB4F7 /* Resources */,
			);
			buildRules = (
			);
			dependencies = (
			);
			name = BNA;
			productName = BNA;
			productReference = CF89676326B462F6007FB4F7 /* BNA.app */;
			productType = "com.apple.product-type.application";
		};
/* End PBXNativeTarget section */

/* Begin PBXProject section */
		CF89675B26B462F6007FB4F7 /* Project object */ = {
			isa = PBXProject;
			attributes = {
				LastSwiftUpdateCheck = 1220;
				LastUpgradeCheck = 1220;
				TargetAttributes = {
					CF89676226B462F6007FB4F7 = {
						CreatedOnToolsVersion = 12.2;
					};
				};
			};
			buildConfigurationList = CF89675E26B462F6007FB4F7 /* Build configuration list for PBXProject "BNA" */;
			compatibilityVersion = "Xcode 9.3";
			developmentRegion = en;
			hasScannedForEncodings = 0;
			knownRegions = (
				en,
				Base,
			);
			mainGroup = CF89675A26B462F6007FB4F7;
			productRefGroup = CF89676426B462F6007FB4F7 /* Products */;
			projectDirPath = "";
			projectRoot = "";
			targets = (
				CF89676226B462F6007FB4F7 /* BNA */,
			);
		};
/* End PBXProject section */

/* Begin PBXResourcesBuildPhase section */
		CF89676126B462F6007FB4F7 /* Resources */ = {
			isa = PBXResourcesBuildPhase;
			buildActionMask = 2147483647;
			files = (
				CF89677626B462F9007FB4F7 /* LaunchScreen.storyboard in Resources */,
				CF89677326B462F9007FB4F7 /* Assets.xcassets in Resources */,
				CF89676E26B462F6007FB4F7 /* Main.storyboard in Resources */,
			);
			runOnlyForDeploymentPostprocessing = 0;
		};
/* End PBXResourcesBuildPhase section */

/* Begin PBXSourcesBuildPhase section */
		CF89675F26B462F6007FB4F7 /* Sources */ = {
			isa = PBXSourcesBuildPhase;
			buildActionMask = 2147483647;
			files = (
				CF89676B26B462F6007FB4F7 /* ViewController.swift in Sources */,
				CF89677126B462F6007FB4F7 /* BNA.xcdatamodeld in Sources */,
				CF89676726B462F6007FB4F7 /* AppDelegate.swift in Sources */,
				CF89676926B462F6007FB4F7 /* SceneDelegate.swift in Sources */,
			);
			runOnlyForDeploymentPostprocessing = 0;
		};
/* End PBXSourcesBuildPhase section */

/* Begin PBXVariantGroup section */
		CF89676C26B462F6007FB4F7 /* Main.storyboard */ = {
			isa = PBXVariantGroup;
			children = (
				CF89676D26B462F6007FB4F7 /* Base */,
			);
			name = Main.storyboard;
			sourceTree = "<group>";
		};
		CF89677426B462F9007FB4F7 /* LaunchScreen.storyboard */ = {
			isa = PBXVariantGroup;
			children = (
				CF89677526B462F9007FB4F7 /* Base */,
			);
			name = LaunchScreen.storyboard;
			sourceTree = "<group>";
		};
/* End PBXVariantGroup section */

/* Begin XCBuildConfiguration section */
		CF89677826B462F9007FB4F7 /* Debug */ = {
			isa = XCBuildConfiguration;
			buildSettings = {
				ALWAYS_SEARCH_USER_PATHS = NO;
				CLANG_ANALYZER_NONNULL = YES;
				CLANG_ANALYZER_NUMBER_OBJECT_CONVERSION = YES_AGGRESSIVE;
				CLANG_CXX_LANGUAGE_STANDARD = "gnu++14";
				CLANG_CXX_LIBRARY = "libc++";
				CLANG_ENABLE_MODULES = YES;
				CLANG_ENABLE_OBJC_ARC = YES;
				CLANG_ENABLE_OBJC_WEAK = YES;
				CLANG_WARN_BLOCK_CAPTURE_AUTORELEASING = YES;
				CLANG_WARN_BOOL_CONVERSION = YES;
				CLANG_WARN_COMMA = YES;
				CLANG_WARN_CONSTANT_CONVERSION = YES;
				CLANG_WARN_DEPRECATED_OBJC_IMPLEMENTATIONS = YES;
				CLANG_WARN_DIRECT_OBJC_ISA_USAGE = YES_ERROR;
				CLANG_WARN_DOCUMENTATION_COMMENTS = YES;
				CLANG_WARN_EMPTY_BODY = YES;
				CLANG_WARN_ENUM_CONVERSION = YES;
				CLANG_WARN_INFINITE_RECURSION = YES;
				CLANG_WARN_INT_CONVERSION = YES;
				CLANG_WARN_NON_LITERAL_NULL_CONVERSION = YES;
				CLANG_WARN_OBJC_IMPLICIT_RETAIN_SELF = YES;
				CLANG_WARN_OBJC_LITERAL_CONVERSION = YES;
				CLANG_WARN_OBJC_ROOT_CLASS = YES_ERROR;
				CLANG_WARN_QUOTED_INCLUDE_IN_FRAMEWORK_HEADER = YES;
				CLANG_WARN_RANGE_LOOP_ANALYSIS = YES;
				CLANG_WARN_STRICT_PROTOTYPES = YES;
				CLANG_WARN_SUSPICIOUS_MOVE = YES;
				CLANG_WARN_UNGUARDED_AVAILABILITY = YES_AGGRESSIVE;
				CLANG_WARN_UNREACHABLE_CODE = YES;
				CLANG_WARN__DUPLICATE_METHOD_MATCH = YES;
				COPY_PHASE_STRIP = NO;
				DEBUG_INFORMATION_FORMAT = dwarf;
				ENABLE_STRICT_OBJC_MSGSEND = YES;
				ENABLE_TESTABILITY = YES;
				GCC_C_LANGUAGE_STANDARD = gnu11;
				GCC_DYNAMIC_NO_PIC = NO;
				GCC_NO_COMMON_BLOCKS = YES;
				GCC_OPTIMIZATION_LEVEL = 0;
				GCC_PREPROCESSOR_DEFINITIONS = (
					"DEBUG=1",
					"$(inherited)",
				);
				GCC_WARN_64_TO_32_BIT_CONVERSION = YES;
				GCC_WARN_ABOUT_RETURN_TYPE = YES_ERROR;
				GCC_WARN_UNDECLARED_SELECTOR = YES;
				GCC_WARN_UNINITIALIZED_AUTOS = YES_AGGRESSIVE;
				GCC_WARN_UNUSED_FUNCTION = YES;
				GCC_WARN_UNUSED_VARIABLE = YES;
				IPHONEOS_DEPLOYMENT_TARGET = 14.2;
				MTL_ENABLE_DEBUG_INFO = INCLUDE_SOURCE;
				MTL_FAST_MATH = YES;
				ONLY_ACTIVE_ARCH = YES;
				SDKROOT = iphoneos;
				SWIFT_ACTIVE_COMPILATION_CONDITIONS = DEBUG;
				SWIFT_OPTIMIZATION_LEVEL = "-Onone";
			};
			name = Debug;
		};
		CF89677926B462F9007FB4F7 /* Release */ = {
			isa = XCBuildConfiguration;
			buildSettings = {
				ALWAYS_SEARCH_USER_PATHS = NO;
				CLANG_ANALYZER_NONNULL = YES;
				CLANG_ANALYZER_NUMBER_OBJECT_CONVERSION = YES_AGGRESSIVE;
				CLANG_CXX_LANGUAGE_STANDARD = "gnu++14";
				CLANG_CXX_LIBRARY = "libc++";
				CLANG_ENABLE_MODULES = YES;
				CLANG_ENABLE_OBJC_ARC = YES;
				CLANG_ENABLE_OBJC_WEAK = YES;
				CLANG_WARN_BLOCK_CAPTURE_AUTORELEASING = YES;
				CLANG_WARN_BOOL_CONVERSION = YES;
				CLANG_WARN_COMMA = YES;
				CLANG_WARN_CONSTANT_CONVERSION = YES;
				CLANG_WARN_DEPRECATED_OBJC_IMPLEMENTATIONS = YES;
				CLANG_WARN_DIRECT_OBJC_ISA_USAGE = YES_ERROR;
				CLANG_WARN_DOCUMENTATION_COMMENTS = YES;
				CLANG_WARN_EMPTY_BODY = YES;
				CLANG_WARN_ENUM_CONVERSION = YES;
				CLANG_WARN_INFINITE_RECURSION = YES;
				CLANG_WARN_INT_CONVERSION = YES;
				CLANG_WARN_NON_LITERAL_NULL_CONVERSION = YES;
				CLANG_WARN_OBJC_IMPLICIT_RETAIN_SELF = YES;
				CLANG_WARN_OBJC_LITERAL_CONVERSION = YES;
				CLANG_WARN_OBJC_ROOT_CLASS = YES_ERROR;
				CLANG_WARN_QUOTED_INCLUDE_IN_FRAMEWORK_HEADER = YES;
				CLANG_WARN_RANGE_LOOP_ANALYSIS = YES;
				CLANG_WARN_STRICT_PROTOTYPES = YES;
				CLANG_WARN_SUSPICIOUS_MOVE = YES;
				CLANG_WARN_UNGUARDED_AVAILABILITY = YES_AGGRESSIVE;
				CLANG_WARN_UNREACHABLE_CODE = YES;
				CLANG_WARN__DUPLICATE_METHOD_MATCH = YES;
				COPY_PHASE_STRIP = NO;
				DEBUG_INFORMATION_FORMAT = "dwarf-with-dsym";
				ENABLE_NS_ASSERTIONS = NO;
				ENABLE_STRICT_OBJC_MSGSEND = YES;
				GCC_C_LANGUAGE_STANDARD = gnu11;
				GCC_NO_COMMON_BLOCKS = YES;
				GCC_WARN_64_TO_32_BIT_CONVERSION = YES;
				GCC_WARN_ABOUT_RETURN_TYPE = YES_ERROR;
				GCC_WARN_UNDECLARED_SELECTOR = YES;
				GCC_WARN_UNINITIALIZED_AUTOS = YES_AGGRESSIVE;
				GCC_WARN_UNUSED_FUNCTION = YES;
				GCC_WARN_UNUSED_VARIABLE = YES;
				IPHONEOS_DEPLOYMENT_TARGET = 14.2;
				MTL_ENABLE_DEBUG_INFO = NO;
				MTL_FAST_MATH = YES;
				SDKROOT = iphoneos;
				SWIFT_COMPILATION_MODE = wholemodule;
				SWIFT_OPTIMIZATION_LEVEL = "-O";
				VALIDATE_PRODUCT = YES;
			};
			name = Release;
		};
		CF89677B26B462F9007FB4F7 /* Debug */ = {
			isa = XCBuildConfiguration;
			buildSettings = {
				ASSETCATALOG_COMPILER_APPICON_NAME = AppIcon;
				ASSETCATALOG_COMPILER_GLOBAL_ACCENT_COLOR_NAME = AccentColor;
				CODE_SIGN_STYLE = Automatic;
				DEVELOPMENT_TEAM = 2G269W7Y5N;
				INFOPLIST_FILE = BNA/Info.plist;
				LD_RUNPATH_SEARCH_PATHS = (
					"$(inherited)",
					"@executable_path/Frameworks",
				);
				PRODUCT_BUNDLE_IDENTIFIER = com.snow.BNA;
				PRODUCT_NAME = "$(TARGET_NAME)";
				SWIFT_VERSION = 5.0;
				TARGETED_DEVICE_FAMILY = "1,2";
			};
			name = Debug;
		};
		CF89677C26B462F9007FB4F7 /* Release */ = {
			isa = XCBuildConfiguration;
			buildSettings = {
				ASSETCATALOG_COMPILER_APPICON_NAME = AppIcon;
				ASSETCATALOG_COMPILER_GLOBAL_ACCENT_COLOR_NAME = AccentColor;
				CODE_SIGN_STYLE = Automatic;
				DEVELOPMENT_TEAM = 2G269W7Y5N;
				INFOPLIST_FILE = BNA/Info.plist;
				LD_RUNPATH_SEARCH_PATHS = (
					"$(inherited)",
					"@executable_path/Frameworks",
				);
				PRODUCT_BUNDLE_IDENTIFIER = com.snow.BNA;
				PRODUCT_NAME = "$(TARGET_NAME)";
				SWIFT_VERSION = 5.0;
				TARGETED_DEVICE_FAMILY = "1,2";
			};
			name = Release;
		};
/* End XCBuildConfiguration section */

/* Begin XCConfigurationList section */
		CF89675E26B462F6007FB4F7 /* Build configuration list for PBXProject "BNA" */ = {
			isa = XCConfigurationList;
			buildConfigurations = (
				CF89677826B462F9007FB4F7 /* Debug */,
				CF89677926B462F9007FB4F7 /* Release */,
			);
			defaultConfigurationIsVisible = 0;
			defaultConfigurationName = Release;
		};
		CF89677A26B462F9007FB4F7 /* Build configuration list for PBXNativeTarget "BNA" */ = {
			isa = XCConfigurationList;
			buildConfigurations = (
				CF89677B26B462F9007FB4F7 /* Debug */,
				CF89677C26B462F9007FB4F7 /* Release */,
			);
			defaultConfigurationIsVisible = 0;
			defaultConfigurationName = Release;
		};
/* End XCConfigurationList section */

/* Begin XCVersionGroup section */
		CF89676F26B462F6007FB4F7 /* BNA.xcdatamodeld */ = {
			isa = XCVersionGroup;
			children = (
				CF89677026B462F6007FB4F7 /* BNA.xcdatamodel */,
			);
			currentVersion = CF89677026B462F6007FB4F7 /* BNA.xcdatamodel */;
			path = BNA.xcdatamodeld;
			sourceTree = "<group>";
			versionGroupType = wrapper.xcdatamodel;
		};
/* End XCVersionGroup section */
	};
	rootObject = CF89675B26B462F6007FB4F7 /* Project object */;
}
